
Microsoft Visual Studio Solution File, Format Version 12.00
# Visual Studio Version 17
VisualStudioVersion = 17.10.35013.160
MinimumVisualStudioVersion = 10.0.40219.1
Project("{FAE04EC0-301F-11D3-BF4B-00C04F79EFBC}") = "Image Crop", "Image Crop\Image Crop.csproj", "{4DBEF85F-AB10-4F79-9042-6C01394819EA}"
EndProject
Global
	GlobalSection(SolutionConfigurationPlatforms) = preSolution
		Debug|Any CPU = Debug|Any CPU
		Release|Any CPU = Release|Any CPU
	EndGlobalSection
	GlobalSection(ProjectConfigurationPlatforms) = postSolution
		{4DBEF85F-AB10-4F79-9042-6C01394819EA}.Debug|Any CPU.ActiveCfg = Debug|Any CPU
		{4DBEF85F-AB10-4F79-9042-6C01394819EA}.Debug|Any CPU.Build.0 = Debug|Any CPU
		{4DBEF85F-AB10-4F79-9042-6C01394819EA}.Release|Any CPU.ActiveCfg = Release|Any CPU
		{4DBEF85F-AB10-4F79-9042-6C01394819EA}.Release|Any CPU.Build.0 = Release|Any CPU
	EndGlobalSection
	GlobalSection(SolutionProperties) = preSolution
		HideSolutionNode = FALSE
	EndGlobalSection
	GlobalSection(ExtensibilityGlobals) = postSolution
		SolutionGuid = {20CD2DDE-2F85-468F-BC28-17F0EBC6060E}
	EndGlobalSection
EndGlobal
